
Microsoft Visual Studio Solution File, Format Version 12.00
# Visual Studio Version 17
VisualStudioVersion = 17.3.32929.385
MinimumVisualStudioVersion = 10.0.40219.1
Project("{FAE04EC0-301F-11D3-BF4B-00C04F79EFBC}") = "Task 18.4", "Task 18.4\Task 18.4.csproj", "{D77E1BE3-F83C-4C20-BB1E-0621D39077EB}"
EndProject
Global
	GlobalSection(SolutionConfigurationPlatforms) = preSolution
		Debug|Any CPU = Debug|Any CPU
		Release|Any CPU = Release|Any CPU
	EndGlobalSection
	GlobalSection(ProjectConfigurationPlatforms) = postSolution
		{D77E1BE3-F83C-4C20-BB1E-0621D39077EB}.Debug|Any CPU.ActiveCfg = Debug|Any CPU
		{D77E1BE3-F83C-4C20-BB1E-0621D39077EB}.Debug|Any CPU.Build.0 = Debug|Any CPU
		{D77E1BE3-F83C-4C20-BB1E-0621D39077EB}.Release|Any CPU.ActiveCfg = Release|Any CPU
		{D77E1BE3-F83C-4C20-BB1E-0621D39077EB}.Release|Any CPU.Build.0 = Release|Any CPU
	EndGlobalSection
	GlobalSection(SolutionProperties) = preSolution
		HideSolutionNode = FALSE
	EndGlobalSection
	GlobalSection(ExtensibilityGlobals) = postSolution
		SolutionGuid = {E5EBAF46-3093-45CC-AE77-9E0A98A748D4}
	EndGlobalSection
EndGlobal
